
Microsoft Visual Studio Solution File, Format Version 12.00
# Visual Studio 15
VisualStudioVersion = 15.0.28307.421
MinimumVisualStudioVersion = 10.0.40219.1
Project("{FAE04EC0-301F-11D3-BF4B-00C04F79EFBC}") = "WebApplication1", "WebApplication1\WebApplication1.csproj", "{C1ED6FEC-1D04-4340-920D-A9671A9615CA}"
EndProject
Global
	GlobalSection(SolutionConfigurationPlatforms) = preSolution
		Debug|Any CPU = Debug|Any CPU
		Release|Any CPU = Release|Any CPU
	EndGlobalSection
	GlobalSection(ProjectConfigurationPlatforms) = postSolution
		{C1ED6FEC-1D04-4340-920D-A9671A9615CA}.Debug|Any CPU.ActiveCfg = Debug|Any CPU
		{C1ED6FEC-1D04-4340-920D-A9671A9615CA}.Debug|Any CPU.Build.0 = Debug|Any CPU
		{C1ED6FEC-1D04-4340-920D-A9671A9615CA}.Release|Any CPU.ActiveCfg = Release|Any CPU
		{C1ED6FEC-1D04-4340-920D-A9671A9615CA}.Release|Any CPU.Build.0 = Release|Any CPU
	EndGlobalSection
	GlobalSection(SolutionProperties) = preSolution
		HideSolutionNode = FALSE
	EndGlobalSection
	GlobalSection(ExtensibilityGlobals) = postSolution
		SolutionGuid = {DEE85720-798C-441C-BF64-4FB41D67039C}
	EndGlobalSection
EndGlobal
